
Microsoft Visual Studio Solution File, Format Version 12.00
# Visual Studio 15
VisualStudioVersion = 15.0.27130.2010
MinimumVisualStudioVersion = 10.0.40219.1
Project("{9A19103F-16F7-4668-BE54-9A1E7A4F7556}") = "SoundCatalogAPI", "SoundCatalogAPI\SoundCatalogAPI.csproj", "{23259666-C1C4-4391-9D7F-BAE3ADAC20CB}"
EndProject
Project("{9A19103F-16F7-4668-BE54-9A1E7A4F7556}") = "SoundCatalog.Data", "SoundCatalog.Data\SoundCatalog.Data.csproj", "{F48ED646-AD98-4C65-BC4A-209E58D8CC0D}"
EndProject
Project("{9A19103F-16F7-4668-BE54-9A1E7A4F7556}") = "SoundCatalog.Models", "SoundCatalog.Models\SoundCatalog.Models.csproj", "{53116E15-7FF6-42A6-BB02-9DADFB267E1B}"
EndProject
Project("{FAE04EC0-301F-11D3-BF4B-00C04F79EFBC}") = "SoundCatalog.Services", "SoundCatalog.Services\SoundCatalog.Services.csproj", "{2A27DC08-FED0-4D01-906C-A572D614E7EC}"
EndProject
Project("{FAE04EC0-301F-11D3-BF4B-00C04F79EFBC}") = "SoundCatalog.Configuration", "SoundCatalog.Configuration\SoundCatalog.Configuration.csproj", "{72FA3B47-F22D-4F24-BB83-205CC9E74BBE}"
EndProject
Global
	GlobalSection(SolutionConfigurationPlatforms) = preSolution
		Debug|Any CPU = Debug|Any CPU
		Release|Any CPU = Release|Any CPU
	EndGlobalSection
	GlobalSection(ProjectConfigurationPlatforms) = postSolution
		{23259666-C1C4-4391-9D7F-BAE3ADAC20CB}.Debug|Any CPU.ActiveCfg = Debug|Any CPU
		{23259666-C1C4-4391-9D7F-BAE3ADAC20CB}.Debug|Any CPU.Build.0 = Debug|Any CPU
		{23259666-C1C4-4391-9D7F-BAE3ADAC20CB}.Release|Any CPU.ActiveCfg = Release|Any CPU
		{23259666-C1C4-4391-9D7F-BAE3ADAC20CB}.Release|Any CPU.Build.0 = Release|Any CPU
		{F48ED646-AD98-4C65-BC4A-209E58D8CC0D}.Debug|Any CPU.ActiveCfg = Debug|Any CPU
		{F48ED646-AD98-4C65-BC4A-209E58D8CC0D}.Debug|Any CPU.Build.0 = Debug|Any CPU
		{F48ED646-AD98-4C65-BC4A-209E58D8CC0D}.Release|Any CPU.ActiveCfg = Release|Any CPU
		{F48ED646-AD98-4C65-BC4A-209E58D8CC0D}.Release|Any CPU.Build.0 = Release|Any CPU
		{53116E15-7FF6-42A6-BB02-9DADFB267E1B}.Debug|Any CPU.ActiveCfg = Debug|Any CPU
		{53116E15-7FF6-42A6-BB02-9DADFB267E1B}.Debug|Any CPU.Build.0 = Debug|Any CPU
		{53116E15-7FF6-42A6-BB02-9DADFB267E1B}.Release|Any CPU.ActiveCfg = Release|Any CPU
		{53116E15-7FF6-42A6-BB02-9DADFB267E1B}.Release|Any CPU.Build.0 = Release|Any CPU
		{2A27DC08-FED0-4D01-906C-A572D614E7EC}.Debug|Any CPU.ActiveCfg = Debug|Any CPU
		{2A27DC08-FED0-4D01-906C-A572D614E7EC}.Debug|Any CPU.Build.0 = Debug|Any CPU
		{2A27DC08-FED0-4D01-906C-A572D614E7EC}.Release|Any CPU.ActiveCfg = Release|Any CPU
		{2A27DC08-FED0-4D01-906C-A572D614E7EC}.Release|Any CPU.Build.0 = Release|Any CPU
		{72FA3B47-F22D-4F24-BB83-205CC9E74BBE}.Debug|Any CPU.ActiveCfg = Debug|Any CPU
		{72FA3B47-F22D-4F24-BB83-205CC9E74BBE}.Debug|Any CPU.Build.0 = Debug|Any CPU
		{72FA3B47-F22D-4F24-BB83-205CC9E74BBE}.Release|Any CPU.ActiveCfg = Release|Any CPU
		{72FA3B47-F22D-4F24-BB83-205CC9E74BBE}.Release|Any CPU.Build.0 = Release|Any CPU
	EndGlobalSection
	GlobalSection(SolutionProperties) = preSolution
		HideSolutionNode = FALSE
	EndGlobalSection
	GlobalSection(ExtensibilityGlobals) = postSolution
		SolutionGuid = {3ADE1BE0-6A0D-4442-A1C8-503223FACDC1}
	EndGlobalSection
	GlobalSection(TeamFoundationVersionControl) = preSolution
		SccNumberOfProjects = 6
		SccEnterpriseProvider = {4CA58AB2-18FA-4F8D-95D4-32DDF27D184C}
		SccTeamFoundationServer = https://gangoffourcommunity.visualstudio.com/
		SccLocalPath0 = .
		SccProjectUniqueName1 = SoundCatalog.Data\\SoundCatalog.Data.csproj
		SccProjectName1 = SoundCatalog.Data
		SccLocalPath1 = SoundCatalog.Data
		SccProjectUniqueName2 = SoundCatalog.Models\\SoundCatalog.Models.csproj
		SccProjectName2 = SoundCatalog.Models
		SccLocalPath2 = SoundCatalog.Models
		SccProjectUniqueName3 = SoundCatalogAPI\\SoundCatalogAPI.csproj
		SccProjectName3 = SoundCatalogAPI
		SccLocalPath3 = SoundCatalogAPI
		SccProjectUniqueName4 = SoundCatalog.Services\\SoundCatalog.Services.csproj
		SccProjectName4 = SoundCatalog.Services
		SccLocalPath4 = SoundCatalog.Services
		SccProjectUniqueName5 = SoundCatalog.Configuration\\SoundCatalog.Configuration.csproj
		SccProjectName5 = SoundCatalog.Configuration
		SccLocalPath5 = SoundCatalog.Configuration
	EndGlobalSection
EndGlobal
